{
  "name": "@xedi/sdk-js",
  "version": "1.0.0",
  "lockfileVersion": 1,
  "requires": true,
  "dependencies": {
    "@types/fetch-mock": {
      "version": "7.3.2",
      "resolved": "https://registry.npmjs.org/@types/fetch-mock/-/fetch-mock-7.3.2.tgz",
      "integrity": "sha512-NCEfv49jmDsBAixjMjEHKVgmVQlJ+uK56FOc+2roYPExnXCZDpi6mJOHQ3v23BiO84hBDStND9R2itJr7PNoow=="
    }
  }
}
